// !$*UTF8*$!
{
	archiveVersion = 1;
	classes = {
	};
	objectVersion = 77;
	objects = {

/* Begin PBXBuildFile section */
		21182BDA2D7E97B30038B451 /* Swinject in Frameworks */ = {isa = PBXBuildFile; productRef = 21182BD92D7E97B30038B451 /* Swinject */; };
		21D9D33E2D6AF50400A49B60 /* MarkdownUI in Frameworks */ = {isa = PBXBuildFile; productRef = 21D9D33D2D6AF50400A49B60 /* MarkdownUI */; };
/* End PBXBuildFile section */

/* Begin PBXContainerItemProxy section */
		21D9D2C82D69AE5800A49B60 /* PBXContainerItemProxy */ = {
			isa = PBXContainerItemProxy;
			containerPortal = 21D9D2AD2D69AE5700A49B60 /* Project object */;
			proxyType = 1;
			remoteGlobalIDString = 21D9D2B42D69AE5700A49B60;
			remoteInfo = iOS18Course;
		};
		21D9D2D22D69AE5800A49B60 /* PBXContainerItemProxy */ = {
			isa = PBXContainerItemProxy;
			containerPortal = 21D9D2AD2D69AE5700A49B60 /* Project object */;
			proxyType = 1;
			remoteGlobalIDString = 21D9D2B42D69AE5700A49B60;
			remoteInfo = iOS18Course;
		};
/* End PBXContainerItemProxy section */

/* Begin PBXFileReference section */
		21D9D2B52D69AE5700A49B60 /* iOS18Course.app */ = {isa = PBXFileReference; explicitFileType = wrapper.application; includeInIndex = 0; path = iOS18Course.app; sourceTree = BUILT_PRODUCTS_DIR; };
		21D9D2C72D69AE5800A49B60 /* iOS18CourseTests.xctest */ = {isa = PBXFileReference; explicitFileType = wrapper.cfbundle; includeInIndex = 0; path = iOS18CourseTests.xctest; sourceTree = BUILT_PRODUCTS_DIR; };
		21D9D2D12D69AE5800A49B60 /* iOS18CourseUITests.xctest */ = {isa = PBXFileReference; explicitFileType = wrapper.cfbundle; includeInIndex = 0; path = iOS18CourseUITests.xctest; sourceTree = BUILT_PRODUCTS_DIR; };
/* End PBXFileReference section */

/* Begin PBXFileSystemSynchronizedRootGroup section */
		21D9D2B72D69AE5700A49B60 /* iOS18Course */ = {
			isa = PBXFileSystemSynchronizedRootGroup;
			path = iOS18Course;
			sourceTree = "<group>";
		};
		21D9D2CA2D69AE5800A49B60 /* iOS18CourseTests */ = {
			isa = PBXFileSystemSynchronizedRootGroup;
			path = iOS18CourseTests;
			sourceTree = "<group>";
		};
		21D9D2D42D69AE5800A49B60 /* iOS18CourseUITests */ = {
			isa = PBXFileSystemSynchronizedRootGroup;
			path = iOS18CourseUITests;
			sourceTree = "<group>";
		};
/* End PBXFileSystemSynchronizedRootGroup section */

/* Begin PBXFrameworksBuildPhase section */
		21D9D2B22D69AE5700A49B60 /* Frameworks */ = {
			isa = PBXFrameworksBuildPhase;
			buildActionMask = 2147483647;
			files = (
				21D9D33E2D6AF50400A49B60 /* MarkdownUI in Frameworks */,
				21182BDA2D7E97B30038B451 /* Swinject in Frameworks */,
			);
			runOnlyForDeploymentPostprocessing = 0;
		};
		21D9D2C42D69AE5800A49B60 /* Frameworks */ = {
			isa = PBXFrameworksBuildPhase;
			buildActionMask = 2147483647;
			files = (
			);
			runOnlyForDeploymentPostprocessing = 0;
		};
		21D9D2CE2D69AE5800A49B60 /* Frameworks */ = {
			isa = PBXFrameworksBuildPhase;
			buildActionMask = 2147483647;
			files = (
			);
			runOnlyForDeploymentPostprocessing = 0;
		};
/* End PBXFrameworksBuildPhase section */

/* Begin PBXGroup section */
		21182BD82D7E97B30038B451 /* Frameworks */ = {
			isa = PBXGroup;
			children = (
			);
			name = Frameworks;
			sourceTree = "<group>";
		};
		21D9D2AC2D69AE5700A49B60 = {
			isa = PBXGroup;
			children = (
				21D9D2B72D69AE5700A49B60 /* iOS18Course */,
				21D9D2CA2D69AE5800A49B60 /* iOS18CourseTests */,
				21D9D2D42D69AE5800A49B60 /* iOS18CourseUITests */,
				21182BD82D7E97B30038B451 /* Frameworks */,
				21D9D2B62D69AE5700A49B60 /* Products */,
			);
			sourceTree = "<group>";
		};
		21D9D2B62D69AE5700A49B60 /* Products */ = {
			isa = PBXGroup;
			children = (
				21D9D2B52D69AE5700A49B60 /* iOS18Course.app */,
				21D9D2C72D69AE5800A49B60 /* iOS18CourseTests.xctest */,
				21D9D2D12D69AE5800A49B60 /* iOS18CourseUITests.xctest */,
			);
			name = Products;
			sourceTree = "<group>";
		};
/* End PBXGroup section */

/* Begin PBXNativeTarget section */
		21D9D2B42D69AE5700A49B60 /* iOS18Course */ = {
			isa = PBXNativeTarget;
			buildConfigurationList = 21D9D2DB2D69AE5800A49B60 /* Build configuration list for PBXNativeTarget "iOS18Course" */;
			buildPhases = (
				21D9D2B12D69AE5700A49B60 /* Sources */,
				21D9D2B22D69AE5700A49B60 /* Frameworks */,
				21D9D2B32D69AE5700A49B60 /* Resources */,
			);
			buildRules = (
			);
			dependencies = (
			);
			fileSystemSynchronizedGroups = (
				21D9D2B72D69AE5700A49B60 /* iOS18Course */,
			);
			name = iOS18Course;
			packageProductDependencies = (
				21D9D33D2D6AF50400A49B60 /* MarkdownUI */,
				21182BD92D7E97B30038B451 /* Swinject */,
			);
			productName = iOS18Course;
			productReference = 21D9D2B52D69AE5700A49B60 /* iOS18Course.app */;
			productType = "com.apple.product-type.application";
		};
		21D9D2C62D69AE5800A49B60 /* iOS18CourseTests */ = {
			isa = PBXNativeTarget;
			buildConfigurationList = 21D9D2DE2D69AE5800A49B60 /* Build configuration list for PBXNativeTarget "iOS18CourseTests" */;
			buildPhases = (
				21D9D2C32D69AE5800A49B60 /* Sources */,
				21D9D2C42D69AE5800A49B60 /* Frameworks */,
				21D9D2C52D69AE5800A49B60 /* Resources */,
			);
			buildRules = (
			);
			dependencies = (
				21D9D2C92D69AE5800A49B60 /* PBXTargetDependency */,
			);
			fileSystemSynchronizedGroups = (
				21D9D2CA2D69AE5800A49B60 /* iOS18CourseTests */,
			);
			name = iOS18CourseTests;
			packageProductDependencies = (
			);
			productName = iOS18CourseTests;
			productReference = 21D9D2C72D69AE5800A49B60 /* iOS18CourseTests.xctest */;
			productType = "com.apple.product-type.bundle.unit-test";
		};
		21D9D2D02D69AE5800A49B60 /* iOS18CourseUITests */ = {
			isa = PBXNativeTarget;
			buildConfigurationList = 21D9D2E12D69AE5800A49B60 /* Build configuration list for PBXNativeTarget "iOS18CourseUITests" */;
			buildPhases = (
				21D9D2CD2D69AE5800A49B60 /* Sources */,
				21D9D2CE2D69AE5800A49B60 /* Frameworks */,
				21D9D2CF2D69AE5800A49B60 /* Resources */,
			);
			buildRules = (
			);
			dependencies = (
				21D9D2D32D69AE5800A49B60 /* PBXTargetDependency */,
			);
			fileSystemSynchronizedGroups = (
				21D9D2D42D69AE5800A49B60 /* iOS18CourseUITests */,
			);
			name = iOS18CourseUITests;
			packageProductDependencies = (
			);
			productName = iOS18CourseUITests;
			productReference = 21D9D2D12D69AE5800A49B60 /* iOS18CourseUITests.xctest */;
			productType = "com.apple.product-type.bundle.ui-testing";
		};
/* End PBXNativeTarget section */

/* Begin PBXProject section */
		21D9D2AD2D69AE5700A49B60 /* Project object */ = {
			isa = PBXProject;
			attributes = {
				BuildIndependentTargetsInParallel = 1;
				LastSwiftUpdateCheck = 1620;
				LastUpgradeCheck = 1620;
				TargetAttributes = {
					21D9D2B42D69AE5700A49B60 = {
						CreatedOnToolsVersion = 16.2;
					};
					21D9D2C62D69AE5800A49B60 = {
						CreatedOnToolsVersion = 16.2;
						TestTargetID = 21D9D2B42D69AE5700A49B60;
					};
					21D9D2D02D69AE5800A49B60 = {
						CreatedOnToolsVersion = 16.2;
						TestTargetID = 21D9D2B42D69AE5700A49B60;
					};
				};
			};
			buildConfigurationList = 21D9D2B02D69AE5700A49B60 /* Build configuration list for PBXProject "iOS18Course" */;
			developmentRegion = en;
			hasScannedForEncodings = 0;
			knownRegions = (
				en,
				Base,
			);
			mainGroup = 21D9D2AC2D69AE5700A49B60;
			minimizedProjectReferenceProxies = 1;
			packageReferences = (
				21D9D33C2D6AF50400A49B60 /* XCRemoteSwiftPackageReference "swift-markdown-ui" */,
				21182BD42D7E97020038B451 /* XCRemoteSwiftPackageReference "Swinject" */,
			);
			preferredProjectObjectVersion = 77;
			productRefGroup = 21D9D2B62D69AE5700A49B60 /* Products */;
			projectDirPath = "";
			projectRoot = "";
			targets = (
				21D9D2B42D69AE5700A49B60 /* iOS18Course */,
				21D9D2C62D69AE5800A49B60 /* iOS18CourseTests */,
				21D9D2D02D69AE5800A49B60 /* iOS18CourseUITests */,
			);
		};
/* End PBXProject section */

/* Begin PBXResourcesBuildPhase section */
		21D9D2B32D69AE5700A49B60 /* Resources */ = {
			isa = PBXResourcesBuildPhase;
			buildActionMask = 2147483647;
			files = (
			);
			runOnlyForDeploymentPostprocessing = 0;
		};
		21D9D2C52D69AE5800A49B60 /* Resources */ = {
			isa = PBXResourcesBuildPhase;
			buildActionMask = 2147483647;
			files = (
			);
			runOnlyForDeploymentPostprocessing = 0;
		};
		21D9D2CF2D69AE5800A49B60 /* Resources */ = {
			isa = PBXResourcesBuildPhase;
			buildActionMask = 2147483647;
			files = (
			);
			runOnlyForDeploymentPostprocessing = 0;
		};
/* End PBXResourcesBuildPhase section */

/* Begin PBXSourcesBuildPhase section */
		21D9D2B12D69AE5700A49B60 /* Sources */ = {
			isa = PBXSourcesBuildPhase;
			buildActionMask = 2147483647;
			files = (
			);
			runOnlyForDeploymentPostprocessing = 0;
		};
		21D9D2C32D69AE5800A49B60 /* Sources */ = {
			isa = PBXSourcesBuildPhase;
			buildActionMask = 2147483647;
			files = (
			);
			runOnlyForDeploymentPostprocessing = 0;
		};
		21D9D2CD2D69AE5800A49B60 /* Sources */ = {
			isa = PBXSourcesBuildPhase;
			buildActionMask = 2147483647;
			files = (
			);
			runOnlyForDeploymentPostprocessing = 0;
		};
/* End PBXSourcesBuildPhase section */

/* Begin PBXTargetDependency section */
		21D9D2C92D69AE5800A49B60 /* PBXTargetDependency */ = {
			isa = PBXTargetDependency;
			target = 21D9D2B42D69AE5700A49B60 /* iOS18Course */;
			targetProxy = 21D9D2C82D69AE5800A49B60 /* PBXContainerItemProxy */;
		};
		21D9D2D32D69AE5800A49B60 /* PBXTargetDependency */ = {
			isa = PBXTargetDependency;
			target = 21D9D2B42D69AE5700A49B60 /* iOS18Course */;
			targetProxy = 21D9D2D22D69AE5800A49B60 /* PBXContainerItemProxy */;
		};
/* End PBXTargetDependency section */

/* Begin XCBuildConfiguration section */
		21D9D2D92D69AE5800A49B60 /* Debug */ = {
			isa = XCBuildConfiguration;
			buildSettings = {
				ALWAYS_SEARCH_USER_PATHS = NO;
				ASSETCATALOG_COMPILER_GENERATE_SWIFT_ASSET_SYMBOL_EXTENSIONS = YES;
				CLANG_ANALYZER_NONNULL = YES;
				CLANG_ANALYZER_NUMBER_OBJECT_CONVERSION = YES_AGGRESSIVE;
				CLANG_CXX_LANGUAGE_STANDARD = "gnu++20";
				CLANG_ENABLE_MODULES = YES;
				CLANG_ENABLE_OBJC_ARC = YES;
				CLANG_ENABLE_OBJC_WEAK = YES;
				CLANG_WARN_BLOCK_CAPTURE_AUTORELEASING = YES;
				CLANG_WARN_BOOL_CONVERSION = YES;
				CLANG_WARN_COMMA = YES;
				CLANG_WARN_CONSTANT_CONVERSION = YES;
				CLANG_WARN_DEPRECATED_OBJC_IMPLEMENTATIONS = YES;
				CLANG_WARN_DIRECT_OBJC_ISA_USAGE = YES_ERROR;
				CLANG_WARN_DOCUMENTATION_COMMENTS = YES;
				CLANG_WARN_EMPTY_BODY = YES;
				CLANG_WARN_ENUM_CONVERSION = YES;
				CLANG_WARN_INFINITE_RECURSION = YES;
				CLANG_WARN_INT_CONVERSION = YES;
				CLANG_WARN_NON_LITERAL_NULL_CONVERSION = YES;
				CLANG_WARN_OBJC_IMPLICIT_RETAIN_SELF = YES;
				CLANG_WARN_OBJC_LITERAL_CONVERSION = YES;
				CLANG_WARN_OBJC_ROOT_CLASS = YES_ERROR;
				CLANG_WARN_QUOTED_INCLUDE_IN_FRAMEWORK_HEADER = YES;
				CLANG_WARN_RANGE_LOOP_ANALYSIS = YES;
				CLANG_WARN_STRICT_PROTOTYPES = YES;
				CLANG_WARN_SUSPICIOUS_MOVE = YES;
				CLANG_WARN_UNGUARDED_AVAILABILITY = YES_AGGRESSIVE;
				CLANG_WARN_UNREACHABLE_CODE = YES;
				CLANG_WARN__DUPLICATE_METHOD_MATCH = YES;
				COPY_PHASE_STRIP = NO;
				DEBUG_INFORMATION_FORMAT = dwarf;
				ENABLE_STRICT_OBJC_MSGSEND = YES;
				ENABLE_TESTABILITY = YES;
				ENABLE_USER_SCRIPT_SANDBOXING = YES;
				GCC_C_LANGUAGE_STANDARD = gnu17;
				GCC_DYNAMIC_NO_PIC = NO;
				GCC_NO_COMMON_BLOCKS = YES;
				GCC_OPTIMIZATION_LEVEL = 0;
				GCC_PREPROCESSOR_DEFINITIONS = (
					"DEBUG=1",
					"$(inherited)",
				);
				GCC_WARN_64_TO_32_BIT_CONVERSION = YES;
				GCC_WARN_ABOUT_RETURN_TYPE = YES_ERROR;
				GCC_WARN_UNDECLARED_SELECTOR = YES;
				GCC_WARN_UNINITIALIZED_AUTOS = YES_AGGRESSIVE;
				GCC_WARN_UNUSED_FUNCTION = YES;
				GCC_WARN_UNUSED_VARIABLE = YES;
				IPHONEOS_DEPLOYMENT_TARGET = 18.2;
				LOCALIZATION_PREFERS_STRING_CATALOGS = YES;
				MTL_ENABLE_DEBUG_INFO = INCLUDE_SOURCE;
				MTL_FAST_MATH = YES;
				ONLY_ACTIVE_ARCH = YES;
				SDKROOT = iphoneos;
				SWIFT_ACTIVE_COMPILATION_CONDITIONS = "DEBUG $(inherited)";
				SWIFT_OPTIMIZATION_LEVEL = "-Onone";
			};
			name = Debug;
		};
		21D9D2DA2D69AE5800A49B60 /* Release */ = {
			isa = XCBuildConfiguration;
			buildSettings = {
				ALWAYS_SEARCH_USER_PATHS = NO;
				ASSETCATALOG_COMPILER_GENERATE_SWIFT_ASSET_SYMBOL_EXTENSIONS = YES;
				CLANG_ANALYZER_NONNULL = YES;
				CLANG_ANALYZER_NUMBER_OBJECT_CONVERSION = YES_AGGRESSIVE;
				CLANG_CXX_LANGUAGE_STANDARD = "gnu++20";
				CLANG_ENABLE_MODULES = YES;
				CLANG_ENABLE_OBJC_ARC = YES;
				CLANG_ENABLE_OBJC_WEAK = YES;
				CLANG_WARN_BLOCK_CAPTURE_AUTORELEASING = YES;
				CLANG_WARN_BOOL_CONVERSION = YES;
				CLANG_WARN_COMMA = YES;
				CLANG_WARN_CONSTANT_CONVERSION = YES;
				CLANG_WARN_DEPRECATED_OBJC_IMPLEMENTATIONS = YES;
				CLANG_WARN_DIRECT_OBJC_ISA_USAGE = YES_ERROR;
				CLANG_WARN_DOCUMENTATION_COMMENTS = YES;
				CLANG_WARN_EMPTY_BODY = YES;
				CLANG_WARN_ENUM_CONVERSION = YES;
				CLANG_WARN_INFINITE_RECURSION = YES;
				CLANG_WARN_INT_CONVERSION = YES;
				CLANG_WARN_NON_LITERAL_NULL_CONVERSION = YES;
				CLANG_WARN_OBJC_IMPLICIT_RETAIN_SELF = YES;
				CLANG_WARN_OBJC_LITERAL_CONVERSION = YES;
				CLANG_WARN_OBJC_ROOT_CLASS = YES_ERROR;
				CLANG_WARN_QUOTED_INCLUDE_IN_FRAMEWORK_HEADER = YES;
				CLANG_WARN_RANGE_LOOP_ANALYSIS = YES;
				CLANG_WARN_STRICT_PROTOTYPES = YES;
				CLANG_WARN_SUSPICIOUS_MOVE = YES;
				CLANG_WARN_UNGUARDED_AVAILABILITY = YES_AGGRESSIVE;
				CLANG_WARN_UNREACHABLE_CODE = YES;
				CLANG_WARN__DUPLICATE_METHOD_MATCH = YES;
				COPY_PHASE_STRIP = NO;
				DEBUG_INFORMATION_FORMAT = "dwarf-with-dsym";
				ENABLE_NS_ASSERTIONS = NO;
				ENABLE_STRICT_OBJC_MSGSEND = YES;
				ENABLE_USER_SCRIPT_SANDBOXING = YES;
				GCC_C_LANGUAGE_STANDARD = gnu17;
				GCC_NO_COMMON_BLOCKS = YES;
				GCC_WARN_64_TO_32_BIT_CONVERSION = YES;
				GCC_WARN_ABOUT_RETURN_TYPE = YES_ERROR;
				GCC_WARN_UNDECLARED_SELECTOR = YES;
				GCC_WARN_UNINITIALIZED_AUTOS = YES_AGGRESSIVE;
				GCC_WARN_UNUSED_FUNCTION = YES;
				GCC_WARN_UNUSED_VARIABLE = YES;
				IPHONEOS_DEPLOYMENT_TARGET = 18.2;
				LOCALIZATION_PREFERS_STRING_CATALOGS = YES;
				MTL_ENABLE_DEBUG_INFO = NO;
				MTL_FAST_MATH = YES;
				SDKROOT = iphoneos;
				SWIFT_COMPILATION_MODE = wholemodule;
				VALIDATE_PRODUCT = YES;
			};
			name = Release;
		};
		21D9D2DC2D69AE5800A49B60 /* Debug */ = {
			isa = XCBuildConfiguration;
			buildSettings = {
				ASSETCATALOG_COMPILER_APPICON_NAME = AppIcon;
				ASSETCATALOG_COMPILER_GLOBAL_ACCENT_COLOR_NAME = AccentColor;
				CODE_SIGN_STYLE = Automatic;
				CURRENT_PROJECT_VERSION = 1;
				DEVELOPMENT_ASSET_PATHS = "\"iOS18Course/Preview Content\"";
				DEVELOPMENT_TEAM = H6DH8Y24TS;
				ENABLE_PREVIEWS = YES;
				GENERATE_INFOPLIST_FILE = YES;
				INFOPLIST_KEY_NSMicrophoneUsageDescription = "Audio is recorded to transcribe the meeting. Audio recordings are discarded after transcription.";
				INFOPLIST_KEY_NSSpeechRecognitionUsageDescription = "Allow access to microphone to use features like speech to text.";
				INFOPLIST_KEY_UIApplicationSceneManifest_Generation = YES;
				INFOPLIST_KEY_UIApplicationSupportsIndirectInputEvents = YES;
				INFOPLIST_KEY_UILaunchScreen_Generation = YES;
				INFOPLIST_KEY_UISupportedInterfaceOrientations_iPad = "UIInterfaceOrientationPortrait UIInterfaceOrientationPortraitUpsideDown UIInterfaceOrientationLandscapeLeft UIInterfaceOrientationLandscapeRight";
				INFOPLIST_KEY_UISupportedInterfaceOrientations_iPhone = "UIInterfaceOrientationPortrait UIInterfaceOrientationLandscapeLeft UIInterfaceOrientationLandscapeRight";
				IPHONEOS_DEPLOYMENT_TARGET = 18.0;
				LD_RUNPATH_SEARCH_PATHS = (
					"$(inherited)",
					"@executable_path/Frameworks",
				);
				MARKETING_VERSION = 1.0;
				PRODUCT_BUNDLE_IDENTIFIER = com.pedroschwarz.ios18.course.iOS18Course;
				PRODUCT_NAME = "$(TARGET_NAME)";
				SUPPORTED_PLATFORMS = "iphoneos iphonesimulator";
				SUPPORTS_MACCATALYST = NO;
				SUPPORTS_MAC_DESIGNED_FOR_IPHONE_IPAD = NO;
				SUPPORTS_XR_DESIGNED_FOR_IPHONE_IPAD = NO;
				SWIFT_EMIT_LOC_STRINGS = YES;
				SWIFT_VERSION = 5.0;
				TARGETED_DEVICE_FAMILY = 1;
			};
			name = Debug;
		};
		21D9D2DD2D69AE5800A49B60 /* Release */ = {
			isa = XCBuildConfiguration;
			buildSettings = {
				ASSETCATALOG_COMPILER_APPICON_NAME = AppIcon;
				ASSETCATALOG_COMPILER_GLOBAL_ACCENT_COLOR_NAME = AccentColor;
				CODE_SIGN_STYLE = Automatic;
				CURRENT_PROJECT_VERSION = 1;
				DEVELOPMENT_ASSET_PATHS = "\"iOS18Course/Preview Content\"";
				DEVELOPMENT_TEAM = H6DH8Y24TS;
				ENABLE_PREVIEWS = YES;
				GENERATE_INFOPLIST_FILE = YES;
				INFOPLIST_KEY_NSMicrophoneUsageDescription = "Audio is recorded to transcribe the meeting. Audio recordings are discarded after transcription.";
				INFOPLIST_KEY_NSSpeechRecognitionUsageDescription = "Allow access to microphone to use features like speech to text.";
				INFOPLIST_KEY_UIApplicationSceneManifest_Generation = YES;
				INFOPLIST_KEY_UIApplicationSupportsIndirectInputEvents = YES;
				INFOPLIST_KEY_UILaunchScreen_Generation = YES;
				INFOPLIST_KEY_UISupportedInterfaceOrientations_iPad = "UIInterfaceOrientationPortrait UIInterfaceOrientationPortraitUpsideDown UIInterfaceOrientationLandscapeLeft UIInterfaceOrientationLandscapeRight";
				INFOPLIST_KEY_UISupportedInterfaceOrientations_iPhone = "UIInterfaceOrientationPortrait UIInterfaceOrientationLandscapeLeft UIInterfaceOrientationLandscapeRight";
				IPHONEOS_DEPLOYMENT_TARGET = 18.0;
				LD_RUNPATH_SEARCH_PATHS = (
					"$(inherited)",
					"@executable_path/Frameworks",
				);
				MARKETING_VERSION = 1.0;
				PRODUCT_BUNDLE_IDENTIFIER = com.pedroschwarz.ios18.course.iOS18Course;
				PRODUCT_NAME = "$(TARGET_NAME)";
				SUPPORTED_PLATFORMS = "iphoneos iphonesimulator";
				SUPPORTS_MACCATALYST = NO;
				SUPPORTS_MAC_DESIGNED_FOR_IPHONE_IPAD = NO;
				SUPPORTS_XR_DESIGNED_FOR_IPHONE_IPAD = NO;
				SWIFT_EMIT_LOC_STRINGS = YES;
				SWIFT_VERSION = 5.0;
				TARGETED_DEVICE_FAMILY = 1;
			};
			name = Release;
		};
		21D9D2DF2D69AE5800A49B60 /* Debug */ = {
			isa = XCBuildConfiguration;
			buildSettings = {
				BUNDLE_LOADER = "$(TEST_HOST)";
				CODE_SIGN_STYLE = Automatic;
				CURRENT_PROJECT_VERSION = 1;
				DEVELOPMENT_TEAM = H6DH8Y24TS;
				GENERATE_INFOPLIST_FILE = YES;
				IPHONEOS_DEPLOYMENT_TARGET = 18.2;
				MARKETING_VERSION = 1.0;
				PRODUCT_BUNDLE_IDENTIFIER = com.pedroschwarz.ios18.course.iOS18CourseTests;
				PRODUCT_NAME = "$(TARGET_NAME)";
				SWIFT_EMIT_LOC_STRINGS = NO;
				SWIFT_VERSION = 5.0;
				TARGETED_DEVICE_FAMILY = "1,2";
				TEST_HOST = "$(BUILT_PRODUCTS_DIR)/iOS18Course.app/$(BUNDLE_EXECUTABLE_FOLDER_PATH)/iOS18Course";
			};
			name = Debug;
		};
		21D9D2E02D69AE5800A49B60 /* Release */ = {
			isa = XCBuildConfiguration;
			buildSettings = {
				BUNDLE_LOADER = "$(TEST_HOST)";
				CODE_SIGN_STYLE = Automatic;
				CURRENT_PROJECT_VERSION = 1;
				DEVELOPMENT_TEAM = H6DH8Y24TS;
				GENERATE_INFOPLIST_FILE = YES;
				IPHONEOS_DEPLOYMENT_TARGET = 18.2;
				MARKETING_VERSION = 1.0;
				PRODUCT_BUNDLE_IDENTIFIER = com.pedroschwarz.ios18.course.iOS18CourseTests;
				PRODUCT_NAME = "$(TARGET_NAME)";
				SWIFT_EMIT_LOC_STRINGS = NO;
				SWIFT_VERSION = 5.0;
				TARGETED_DEVICE_FAMILY = "1,2";
				TEST_HOST = "$(BUILT_PRODUCTS_DIR)/iOS18Course.app/$(BUNDLE_EXECUTABLE_FOLDER_PATH)/iOS18Course";
			};
			name = Release;
		};
		21D9D2E22D69AE5800A49B60 /* Debug */ = {
			isa = XCBuildConfiguration;
			buildSettings = {
				CODE_SIGN_STYLE = Automatic;
				CURRENT_PROJECT_VERSION = 1;
				DEVELOPMENT_TEAM = H6DH8Y24TS;
				GENERATE_INFOPLIST_FILE = YES;
				MARKETING_VERSION = 1.0;
				PRODUCT_BUNDLE_IDENTIFIER = com.pedroschwarz.ios18.course.iOS18CourseUITests;
				PRODUCT_NAME = "$(TARGET_NAME)";
				SWIFT_EMIT_LOC_STRINGS = NO;
				SWIFT_VERSION = 5.0;
				TARGETED_DEVICE_FAMILY = "1,2";
				TEST_TARGET_NAME = iOS18Course;
			};
			name = Debug;
		};
		21D9D2E32D69AE5800A49B60 /* Release */ = {
			isa = XCBuildConfiguration;
			buildSettings = {
				CODE_SIGN_STYLE = Automatic;
				CURRENT_PROJECT_VERSION = 1;
				DEVELOPMENT_TEAM = H6DH8Y24TS;
				GENERATE_INFOPLIST_FILE = YES;
				MARKETING_VERSION = 1.0;
				PRODUCT_BUNDLE_IDENTIFIER = com.pedroschwarz.ios18.course.iOS18CourseUITests;
				PRODUCT_NAME = "$(TARGET_NAME)";
				SWIFT_EMIT_LOC_STRINGS = NO;
				SWIFT_VERSION = 5.0;
				TARGETED_DEVICE_FAMILY = "1,2";
				TEST_TARGET_NAME = iOS18Course;
			};
			name = Release;
		};
/* End XCBuildConfiguration section */

/* Begin XCConfigurationList section */
		21D9D2B02D69AE5700A49B60 /* Build configuration list for PBXProject "iOS18Course" */ = {
			isa = XCConfigurationList;
			buildConfigurations = (
				21D9D2D92D69AE5800A49B60 /* Debug */,
				21D9D2DA2D69AE5800A49B60 /* Release */,
			);
			defaultConfigurationIsVisible = 0;
			defaultConfigurationName = Release;
		};
		21D9D2DB2D69AE5800A49B60 /* Build configuration list for PBXNativeTarget "iOS18Course" */ = {
			isa = XCConfigurationList;
			buildConfigurations = (
				21D9D2DC2D69AE5800A49B60 /* Debug */,
				21D9D2DD2D69AE5800A49B60 /* Release */,
			);
			defaultConfigurationIsVisible = 0;
			defaultConfigurationName = Release;
		};
		21D9D2DE2D69AE5800A49B60 /* Build configuration list for PBXNativeTarget "iOS18CourseTests" */ = {
			isa = XCConfigurationList;
			buildConfigurations = (
				21D9D2DF2D69AE5800A49B60 /* Debug */,
				21D9D2E02D69AE5800A49B60 /* Release */,
			);
			defaultConfigurationIsVisible = 0;
			defaultConfigurationName = Release;
		};
		21D9D2E12D69AE5800A49B60 /* Build configuration list for PBXNativeTarget "iOS18CourseUITests" */ = {
			isa = XCConfigurationList;
			buildConfigurations = (
				21D9D2E22D69AE5800A49B60 /* Debug */,
				21D9D2E32D69AE5800A49B60 /* Release */,
			);
			defaultConfigurationIsVisible = 0;
			defaultConfigurationName = Release;
		};
/* End XCConfigurationList section */

/* Begin XCRemoteSwiftPackageReference section */
		21182BD42D7E97020038B451 /* XCRemoteSwiftPackageReference "Swinject" */ = {
			isa = XCRemoteSwiftPackageReference;
			repositoryURL = "https://github.com/Swinject/Swinject.git";
			requirement = {
				kind = upToNextMajorVersion;
				minimumVersion = 2.9.1;
			};
		};
		21D9D33C2D6AF50400A49B60 /* XCRemoteSwiftPackageReference "swift-markdown-ui" */ = {
			isa = XCRemoteSwiftPackageReference;
			repositoryURL = "https://github.com/gonzalezreal/swift-markdown-ui";
			requirement = {
				kind = upToNextMajorVersion;
				minimumVersion = 2.4.1;
			};
		};
/* End XCRemoteSwiftPackageReference section */

/* Begin XCSwiftPackageProductDependency section */
		21182BD92D7E97B30038B451 /* Swinject */ = {
			isa = XCSwiftPackageProductDependency;
			package = 21182BD42D7E97020038B451 /* XCRemoteSwiftPackageReference "Swinject" */;
			productName = Swinject;
		};
		21D9D33D2D6AF50400A49B60 /* MarkdownUI */ = {
			isa = XCSwiftPackageProductDependency;
			package = 21D9D33C2D6AF50400A49B60 /* XCRemoteSwiftPackageReference "swift-markdown-ui" */;
			productName = MarkdownUI;
		};
/* End XCSwiftPackageProductDependency section */
	};
	rootObject = 21D9D2AD2D69AE5700A49B60 /* Project object */;
}
